
Microsoft Visual Studio Solution File, Format Version 12.00
# Visual Studio 15
VisualStudioVersion = 15.0.28010.2036
MinimumVisualStudioVersion = 10.0.40219.1
Project("{FAE04EC0-301F-11D3-BF4B-00C04F79EFBC}") = "KeyboardExtender", "KeyboardExtender\KeyboardExtender.csproj", "{A87979BA-63C4-4276-B802-6EDB2FA37527}"
EndProject
Project("{FAE04EC0-301F-11D3-BF4B-00C04F79EFBC}") = "KeyboardExtenderPlugins", "KeyboardExtenderPlugins\KeyboardExtenderPlugins.csproj", "{2351D146-EFEB-48F6-B579-B948E67DE6CB}"
EndProject
Project("{2150E333-8FDC-42A3-9474-1A3956D46DE8}") = "Plugins", "Plugins", "{1D1510A1-6F94-49F8-AD39-363E53D52F54}"
EndProject
Global
	GlobalSection(SolutionConfigurationPlatforms) = preSolution
		Debug|Any CPU = Debug|Any CPU
		Release|Any CPU = Release|Any CPU
	EndGlobalSection
	GlobalSection(ProjectConfigurationPlatforms) = postSolution
		{A87979BA-63C4-4276-B802-6EDB2FA37527}.Debug|Any CPU.ActiveCfg = Debug|Any CPU
		{A87979BA-63C4-4276-B802-6EDB2FA37527}.Debug|Any CPU.Build.0 = Debug|Any CPU
		{A87979BA-63C4-4276-B802-6EDB2FA37527}.Release|Any CPU.ActiveCfg = Release|Any CPU
		{A87979BA-63C4-4276-B802-6EDB2FA37527}.Release|Any CPU.Build.0 = Release|Any CPU
		{2351D146-EFEB-48F6-B579-B948E67DE6CB}.Debug|Any CPU.ActiveCfg = Debug|Any CPU
		{2351D146-EFEB-48F6-B579-B948E67DE6CB}.Debug|Any CPU.Build.0 = Debug|Any CPU
		{2351D146-EFEB-48F6-B579-B948E67DE6CB}.Release|Any CPU.ActiveCfg = Release|Any CPU
		{2351D146-EFEB-48F6-B579-B948E67DE6CB}.Release|Any CPU.Build.0 = Release|Any CPU
	EndGlobalSection
	GlobalSection(SolutionProperties) = preSolution
		HideSolutionNode = FALSE
	EndGlobalSection
	GlobalSection(ExtensibilityGlobals) = postSolution
		SolutionGuid = {013D8478-C06E-4F27-8364-6C15E4DFFD1C}
	EndGlobalSection
EndGlobal
